// !$*UTF8*$!
{
	archiveVersion = 1;
	classes = {
	};
	objectVersion = 51;
	objects = {

/* Begin PBXBuildFile section */
		9847CA14B4FECB3E08539596 /* Pods_breakpoint.framework in Frameworks */ = {isa = PBXBuildFile; fileRef = B5846967F2EEF85DB42A0FC9 /* Pods_breakpoint.framework */; };
		9C1B30E8241E26E30083E80A /* CreatePostVC.swift in Sources */ = {isa = PBXBuildFile; fileRef = 9C1B30E7241E26E30083E80A /* CreatePostVC.swift */; };
		9C1B30EA241E2DE50083E80A /* UIViewExt.swift in Sources */ = {isa = PBXBuildFile; fileRef = 9C1B30E9241E2DE50083E80A /* UIViewExt.swift */; };
		9C1B30EC241E52700083E80A /* FeedCell.swift in Sources */ = {isa = PBXBuildFile; fileRef = 9C1B30EB241E52700083E80A /* FeedCell.swift */; };
		9C1B30EE241E55400083E80A /* Message.swift in Sources */ = {isa = PBXBuildFile; fileRef = 9C1B30ED241E55400083E80A /* Message.swift */; };
		9C4CD94F241D036800FFAB9D /* DataService.swift in Sources */ = {isa = PBXBuildFile; fileRef = 9C4CD94E241D036800FFAB9D /* DataService.swift */; };
		9C978A8B24198FE8001A8AC5 /* AppDelegate.swift in Sources */ = {isa = PBXBuildFile; fileRef = 9C978A8A24198FE8001A8AC5 /* AppDelegate.swift */; };
		9C978A8D24198FE8001A8AC5 /* SceneDelegate.swift in Sources */ = {isa = PBXBuildFile; fileRef = 9C978A8C24198FE8001A8AC5 /* SceneDelegate.swift */; };
		9C978A8F24198FE8001A8AC5 /* FeedVC.swift in Sources */ = {isa = PBXBuildFile; fileRef = 9C978A8E24198FE8001A8AC5 /* FeedVC.swift */; };
		9C978A9124198FE8001A8AC5 /* GroupsVC.swift in Sources */ = {isa = PBXBuildFile; fileRef = 9C978A9024198FE8001A8AC5 /* GroupsVC.swift */; };
		9C978A9424198FE8001A8AC5 /* Main.storyboard in Resources */ = {isa = PBXBuildFile; fileRef = 9C978A9224198FE8001A8AC5 /* Main.storyboard */; };
		9C978A9624198FEA001A8AC5 /* Assets.xcassets in Resources */ = {isa = PBXBuildFile; fileRef = 9C978A9524198FE9001A8AC5 /* Assets.xcassets */; };
		9C978A9924198FEA001A8AC5 /* LaunchScreen.storyboard in Resources */ = {isa = PBXBuildFile; fileRef = 9C978A9724198FEA001A8AC5 /* LaunchScreen.storyboard */; };
		9C978AA724199149001A8AC5 /* GoogleService-Info.plist in Resources */ = {isa = PBXBuildFile; fileRef = 9C978AA624199148001A8AC5 /* GoogleService-Info.plist */; };
		9CFE94E6241D176E00B65B53 /* AuthVC.swift in Sources */ = {isa = PBXBuildFile; fileRef = 9CFE94E5241D176E00B65B53 /* AuthVC.swift */; };
		9CFE94E8241D17C600B65B53 /* LoginVC.swift in Sources */ = {isa = PBXBuildFile; fileRef = 9CFE94E7241D17C600B65B53 /* LoginVC.swift */; };
		9CFE94EA241D182600B65B53 /* InSetTextField.swift in Sources */ = {isa = PBXBuildFile; fileRef = 9CFE94E9241D182600B65B53 /* InSetTextField.swift */; };
		9CFE94EE241D254500B65B53 /* AuthService.swift in Sources */ = {isa = PBXBuildFile; fileRef = 9CFE94ED241D254500B65B53 /* AuthService.swift */; };
		9CFE94F0241D770900B65B53 /* MeVC.swift in Sources */ = {isa = PBXBuildFile; fileRef = 9CFE94EF241D770900B65B53 /* MeVC.swift */; };
/* End PBXBuildFile section */

/* Begin PBXFileReference section */
		9C1B30E7241E26E30083E80A /* CreatePostVC.swift */ = {isa = PBXFileReference; lastKnownFileType = sourcecode.swift; path = CreatePostVC.swift; sourceTree = "<group>"; };
		9C1B30E9241E2DE50083E80A /* UIViewExt.swift */ = {isa = PBXFileReference; lastKnownFileType = sourcecode.swift; path = UIViewExt.swift; sourceTree = "<group>"; };
		9C1B30EB241E52700083E80A /* FeedCell.swift */ = {isa = PBXFileReference; lastKnownFileType = sourcecode.swift; path = FeedCell.swift; sourceTree = "<group>"; };
		9C1B30ED241E55400083E80A /* Message.swift */ = {isa = PBXFileReference; lastKnownFileType = sourcecode.swift; path = Message.swift; sourceTree = "<group>"; };
		9C4CD94E241D036800FFAB9D /* DataService.swift */ = {isa = PBXFileReference; lastKnownFileType = sourcecode.swift; path = DataService.swift; sourceTree = "<group>"; };
		9C978A8724198FE8001A8AC5 /* breakpoint.app */ = {isa = PBXFileReference; explicitFileType = wrapper.application; includeInIndex = 0; path = breakpoint.app; sourceTree = BUILT_PRODUCTS_DIR; };
		9C978A8A24198FE8001A8AC5 /* AppDelegate.swift */ = {isa = PBXFileReference; lastKnownFileType = sourcecode.swift; path = AppDelegate.swift; sourceTree = "<group>"; };
		9C978A8C24198FE8001A8AC5 /* SceneDelegate.swift */ = {isa = PBXFileReference; lastKnownFileType = sourcecode.swift; path = SceneDelegate.swift; sourceTree = "<group>"; };
		9C978A8E24198FE8001A8AC5 /* FeedVC.swift */ = {isa = PBXFileReference; lastKnownFileType = sourcecode.swift; path = FeedVC.swift; sourceTree = "<group>"; };
		9C978A9024198FE8001A8AC5 /* GroupsVC.swift */ = {isa = PBXFileReference; lastKnownFileType = sourcecode.swift; path = GroupsVC.swift; sourceTree = "<group>"; };
		9C978A9324198FE8001A8AC5 /* Base */ = {isa = PBXFileReference; lastKnownFileType = file.storyboard; name = Base; path = Base.lproj/Main.storyboard; sourceTree = "<group>"; };
		9C978A9524198FE9001A8AC5 /* Assets.xcassets */ = {isa = PBXFileReference; lastKnownFileType = folder.assetcatalog; path = Assets.xcassets; sourceTree = "<group>"; };
		9C978A9824198FEA001A8AC5 /* Base */ = {isa = PBXFileReference; lastKnownFileType = file.storyboard; name = Base; path = Base.lproj/LaunchScreen.storyboard; sourceTree = "<group>"; };
		9C978A9A24198FEA001A8AC5 /* Info.plist */ = {isa = PBXFileReference; lastKnownFileType = text.plist.xml; path = Info.plist; sourceTree = "<group>"; };
		9C978AA624199148001A8AC5 /* GoogleService-Info.plist */ = {isa = PBXFileReference; fileEncoding = 4; lastKnownFileType = text.plist.xml; path = "GoogleService-Info.plist"; sourceTree = "<group>"; };
		9CFE94E5241D176E00B65B53 /* AuthVC.swift */ = {isa = PBXFileReference; lastKnownFileType = sourcecode.swift; path = AuthVC.swift; sourceTree = "<group>"; };
		9CFE94E7241D17C600B65B53 /* LoginVC.swift */ = {isa = PBXFileReference; lastKnownFileType = sourcecode.swift; path = LoginVC.swift; sourceTree = "<group>"; };
		9CFE94E9241D182600B65B53 /* InSetTextField.swift */ = {isa = PBXFileReference; lastKnownFileType = sourcecode.swift; path = InSetTextField.swift; sourceTree = "<group>"; };
		9CFE94ED241D254500B65B53 /* AuthService.swift */ = {isa = PBXFileReference; lastKnownFileType = sourcecode.swift; path = AuthService.swift; sourceTree = "<group>"; };
		9CFE94EF241D770900B65B53 /* MeVC.swift */ = {isa = PBXFileReference; lastKnownFileType = sourcecode.swift; path = MeVC.swift; sourceTree = "<group>"; };
		B5846967F2EEF85DB42A0FC9 /* Pods_breakpoint.framework */ = {isa = PBXFileReference; explicitFileType = wrapper.framework; includeInIndex = 0; path = Pods_breakpoint.framework; sourceTree = BUILT_PRODUCTS_DIR; };
		B92F56AF4C6A00CED7212110 /* Pods-breakpoint.debug.xcconfig */ = {isa = PBXFileReference; includeInIndex = 1; lastKnownFileType = text.xcconfig; name = "Pods-breakpoint.debug.xcconfig"; path = "Target Support Files/Pods-breakpoint/Pods-breakpoint.debug.xcconfig"; sourceTree = "<group>"; };
		BC1061ED136288E79BDB7991 /* Pods-breakpoint.release.xcconfig */ = {isa = PBXFileReference; includeInIndex = 1; lastKnownFileType = text.xcconfig; name = "Pods-breakpoint.release.xcconfig"; path = "Target Support Files/Pods-breakpoint/Pods-breakpoint.release.xcconfig"; sourceTree = "<group>"; };
/* End PBXFileReference section */

/* Begin PBXFrameworksBuildPhase section */
		9C978A8424198FE8001A8AC5 /* Frameworks */ = {
			isa = PBXFrameworksBuildPhase;
			buildActionMask = 2147483647;
			files = (
				9847CA14B4FECB3E08539596 /* Pods_breakpoint.framework in Frameworks */,
			);
			runOnlyForDeploymentPostprocessing = 0;
		};
/* End PBXFrameworksBuildPhase section */

/* Begin PBXGroup section */
		4A3230EDBB913E806B785FD6 /* Pods */ = {
			isa = PBXGroup;
			children = (
				B92F56AF4C6A00CED7212110 /* Pods-breakpoint.debug.xcconfig */,
				BC1061ED136288E79BDB7991 /* Pods-breakpoint.release.xcconfig */,
			);
			path = Pods;
			sourceTree = "<group>";
		};
		9C978A7E24198FE8001A8AC5 = {
			isa = PBXGroup;
			children = (
				9C978A8924198FE8001A8AC5 /* breakpoint */,
				9C978A8824198FE8001A8AC5 /* Products */,
				4A3230EDBB913E806B785FD6 /* Pods */,
				CA47BE1247A0CDD9853678A5 /* Frameworks */,
			);
			sourceTree = "<group>";
		};
		9C978A8824198FE8001A8AC5 /* Products */ = {
			isa = PBXGroup;
			children = (
				9C978A8724198FE8001A8AC5 /* breakpoint.app */,
			);
			name = Products;
			sourceTree = "<group>";
		};
		9C978A8924198FE8001A8AC5 /* breakpoint */ = {
			isa = PBXGroup;
			children = (
				9C978AA5241990CC001A8AC5 /* Services */,
				9C978AA4241990C2001A8AC5 /* Extensions */,
				9C978AA3241990BA001A8AC5 /* View */,
				9C978AA22419906E001A8AC5 /* Model */,
				9C978AA124199067001A8AC5 /* Controller */,
				9C978A8A24198FE8001A8AC5 /* AppDelegate.swift */,
				9C978A8C24198FE8001A8AC5 /* SceneDelegate.swift */,
				9C978A9224198FE8001A8AC5 /* Main.storyboard */,
				9C978A9524198FE9001A8AC5 /* Assets.xcassets */,
				9C978A9724198FEA001A8AC5 /* LaunchScreen.storyboard */,
				9C978A9A24198FEA001A8AC5 /* Info.plist */,
				9C978AA624199148001A8AC5 /* GoogleService-Info.plist */,
			);
			path = breakpoint;
			sourceTree = "<group>";
		};
		9C978AA124199067001A8AC5 /* Controller */ = {
			isa = PBXGroup;
			children = (
				9C978A8E24198FE8001A8AC5 /* FeedVC.swift */,
				9C978A9024198FE8001A8AC5 /* GroupsVC.swift */,
				9CFE94E5241D176E00B65B53 /* AuthVC.swift */,
				9CFE94E7241D17C600B65B53 /* LoginVC.swift */,
				9CFE94EF241D770900B65B53 /* MeVC.swift */,
				9C1B30E7241E26E30083E80A /* CreatePostVC.swift */,
			);
			path = Controller;
			sourceTree = "<group>";
		};
		9C978AA22419906E001A8AC5 /* Model */ = {
			isa = PBXGroup;
			children = (
				9C1B30ED241E55400083E80A /* Message.swift */,
			);
			path = Model;
			sourceTree = "<group>";
		};
		9C978AA3241990BA001A8AC5 /* View */ = {
			isa = PBXGroup;
			children = (
				9CFE94E9241D182600B65B53 /* InSetTextField.swift */,
				9C1B30EB241E52700083E80A /* FeedCell.swift */,
			);
			path = View;
			sourceTree = "<group>";
		};
		9C978AA4241990C2001A8AC5 /* Extensions */ = {
			isa = PBXGroup;
			children = (
				9C1B30E9241E2DE50083E80A /* UIViewExt.swift */,
			);
			path = Extensions;
			sourceTree = "<group>";
		};
		9C978AA5241990CC001A8AC5 /* Services */ = {
			isa = PBXGroup;
			children = (
				9C4CD94E241D036800FFAB9D /* DataService.swift */,
				9CFE94ED241D254500B65B53 /* AuthService.swift */,
			);
			path = Services;
			sourceTree = "<group>";
		};
		CA47BE1247A0CDD9853678A5 /* Frameworks */ = {
			isa = PBXGroup;
			children = (
				B5846967F2EEF85DB42A0FC9 /* Pods_breakpoint.framework */,
			);
			name = Frameworks;
			sourceTree = "<group>";
		};
/* End PBXGroup section */

/* Begin PBXNativeTarget section */
		9C978A8624198FE8001A8AC5 /* breakpoint */ = {
			isa = PBXNativeTarget;
			buildConfigurationList = 9C978A9D24198FEA001A8AC5 /* Build configuration list for PBXNativeTarget "breakpoint" */;
			buildPhases = (
				48DB5D303E868E169CCBBABC /* [CP] Check Pods Manifest.lock */,
				9C978A8324198FE8001A8AC5 /* Sources */,
				9C978A8424198FE8001A8AC5 /* Frameworks */,
				9C978A8524198FE8001A8AC5 /* Resources */,
				300E7E5E2873281B442661FD /* [CP] Embed Pods Frameworks */,
			);
			buildRules = (
			);
			dependencies = (
			);
			name = breakpoint;
			productName = breakpoint;
			productReference = 9C978A8724198FE8001A8AC5 /* breakpoint.app */;
			productType = "com.apple.product-type.application";
		};
/* End PBXNativeTarget section */

/* Begin PBXProject section */
		9C978A7F24198FE8001A8AC5 /* Project object */ = {
			isa = PBXProject;
			attributes = {
				LastSwiftUpdateCheck = 1130;
				LastUpgradeCheck = 1130;
				ORGANIZATIONNAME = "Yunus Emre ARSLAN";
				TargetAttributes = {
					9C978A8624198FE8001A8AC5 = {
						CreatedOnToolsVersion = 11.3.1;
					};
				};
			};
			buildConfigurationList = 9C978A8224198FE8001A8AC5 /* Build configuration list for PBXProject "breakpoint" */;
			compatibilityVersion = "Xcode 9.3";
			developmentRegion = en;
			hasScannedForEncodings = 0;
			knownRegions = (
				en,
				Base,
			);
			mainGroup = 9C978A7E24198FE8001A8AC5;
			productRefGroup = 9C978A8824198FE8001A8AC5 /* Products */;
			projectDirPath = "";
			projectRoot = "";
			targets = (
				9C978A8624198FE8001A8AC5 /* breakpoint */,
			);
		};
/* End PBXProject section */

/* Begin PBXResourcesBuildPhase section */
		9C978A8524198FE8001A8AC5 /* Resources */ = {
			isa = PBXResourcesBuildPhase;
			buildActionMask = 2147483647;
			files = (
				9C978A9924198FEA001A8AC5 /* LaunchScreen.storyboard in Resources */,
				9C978AA724199149001A8AC5 /* GoogleService-Info.plist in Resources */,
				9C978A9624198FEA001A8AC5 /* Assets.xcassets in Resources */,
				9C978A9424198FE8001A8AC5 /* Main.storyboard in Resources */,
			);
			runOnlyForDeploymentPostprocessing = 0;
		};
/* End PBXResourcesBuildPhase section */

/* Begin PBXShellScriptBuildPhase section */
		300E7E5E2873281B442661FD /* [CP] Embed Pods Frameworks */ = {
			isa = PBXShellScriptBuildPhase;
			buildActionMask = 2147483647;
			files = (
			);
			inputFileListPaths = (
				"${PODS_ROOT}/Target Support Files/Pods-breakpoint/Pods-breakpoint-frameworks-${CONFIGURATION}-input-files.xcfilelist",
			);
			name = "[CP] Embed Pods Frameworks";
			outputFileListPaths = (
				"${PODS_ROOT}/Target Support Files/Pods-breakpoint/Pods-breakpoint-frameworks-${CONFIGURATION}-output-files.xcfilelist",
			);
			runOnlyForDeploymentPostprocessing = 0;
			shellPath = /bin/sh;
			shellScript = "\"${PODS_ROOT}/Target Support Files/Pods-breakpoint/Pods-breakpoint-frameworks.sh\"\n";
			showEnvVarsInLog = 0;
		};
		48DB5D303E868E169CCBBABC /* [CP] Check Pods Manifest.lock */ = {
			isa = PBXShellScriptBuildPhase;
			buildActionMask = 2147483647;
			files = (
			);
			inputFileListPaths = (
			);
			inputPaths = (
				"${PODS_PODFILE_DIR_PATH}/Podfile.lock",
				"${PODS_ROOT}/Manifest.lock",
			);
			name = "[CP] Check Pods Manifest.lock";
			outputFileListPaths = (
			);
			outputPaths = (
				"$(DERIVED_FILE_DIR)/Pods-breakpoint-checkManifestLockResult.txt",
			);
			runOnlyForDeploymentPostprocessing = 0;
			shellPath = /bin/sh;
			shellScript = "diff \"${PODS_PODFILE_DIR_PATH}/Podfile.lock\" \"${PODS_ROOT}/Manifest.lock\" > /dev/null\nif [ $? != 0 ] ; then\n    # print error to STDERR\n    echo \"error: The sandbox is not in sync with the Podfile.lock. Run 'pod install' or update your CocoaPods installation.\" >&2\n    exit 1\nfi\n# This output is used by Xcode 'outputs' to avoid re-running this script phase.\necho \"SUCCESS\" > \"${SCRIPT_OUTPUT_FILE_0}\"\n";
			showEnvVarsInLog = 0;
		};
/* End PBXShellScriptBuildPhase section */

/* Begin PBXSourcesBuildPhase section */
		9C978A8324198FE8001A8AC5 /* Sources */ = {
			isa = PBXSourcesBuildPhase;
			buildActionMask = 2147483647;
			files = (
				9C1B30EA241E2DE50083E80A /* UIViewExt.swift in Sources */,
				9C1B30EC241E52700083E80A /* FeedCell.swift in Sources */,
				9CFE94F0241D770900B65B53 /* MeVC.swift in Sources */,
				9CFE94E6241D176E00B65B53 /* AuthVC.swift in Sources */,
				9C978A9124198FE8001A8AC5 /* GroupsVC.swift in Sources */,
				9CFE94E8241D17C600B65B53 /* LoginVC.swift in Sources */,
				9CFE94EE241D254500B65B53 /* AuthService.swift in Sources */,
				9CFE94EA241D182600B65B53 /* InSetTextField.swift in Sources */,
				9C978A8F24198FE8001A8AC5 /* FeedVC.swift in Sources */,
				9C1B30E8241E26E30083E80A /* CreatePostVC.swift in Sources */,
				9C978A8B24198FE8001A8AC5 /* AppDelegate.swift in Sources */,
				9C978A8D24198FE8001A8AC5 /* SceneDelegate.swift in Sources */,
				9C4CD94F241D036800FFAB9D /* DataService.swift in Sources */,
				9C1B30EE241E55400083E80A /* Message.swift in Sources */,
			);
			runOnlyForDeploymentPostprocessing = 0;
		};
/* End PBXSourcesBuildPhase section */

/* Begin PBXVariantGroup section */
		9C978A9224198FE8001A8AC5 /* Main.storyboard */ = {
			isa = PBXVariantGroup;
			children = (
				9C978A9324198FE8001A8AC5 /* Base */,
			);
			name = Main.storyboard;
			sourceTree = "<group>";
		};
		9C978A9724198FEA001A8AC5 /* LaunchScreen.storyboard */ = {
			isa = PBXVariantGroup;
			children = (
				9C978A9824198FEA001A8AC5 /* Base */,
			);
			name = LaunchScreen.storyboard;
			sourceTree = "<group>";
		};
/* End PBXVariantGroup section */

/* Begin XCBuildConfiguration section */
		9C978A9B24198FEA001A8AC5 /* Debug */ = {
			isa = XCBuildConfiguration;
			buildSettings = {
				ALWAYS_SEARCH_USER_PATHS = NO;
				CLANG_ANALYZER_NONNULL = YES;
				CLANG_ANALYZER_NUMBER_OBJECT_CONVERSION = YES_AGGRESSIVE;
				CLANG_CXX_LANGUAGE_STANDARD = "gnu++14";
				CLANG_CXX_LIBRARY = "libc++";
				CLANG_ENABLE_MODULES = YES;
				CLANG_ENABLE_OBJC_ARC = YES;
				CLANG_ENABLE_OBJC_WEAK = YES;
				CLANG_WARN_BLOCK_CAPTURE_AUTORELEASING = YES;
				CLANG_WARN_BOOL_CONVERSION = YES;
				CLANG_WARN_COMMA = YES;
				CLANG_WARN_CONSTANT_CONVERSION = YES;
				CLANG_WARN_DEPRECATED_OBJC_IMPLEMENTATIONS = YES;
				CLANG_WARN_DIRECT_OBJC_ISA_USAGE = YES_ERROR;
				CLANG_WARN_DOCUMENTATION_COMMENTS = YES;
				CLANG_WARN_EMPTY_BODY = YES;
				CLANG_WARN_ENUM_CONVERSION = YES;
				CLANG_WARN_INFINITE_RECURSION = YES;
				CLANG_WARN_INT_CONVERSION = YES;
				CLANG_WARN_NON_LITERAL_NULL_CONVERSION = YES;
				CLANG_WARN_OBJC_IMPLICIT_RETAIN_SELF = YES;
				CLANG_WARN_OBJC_LITERAL_CONVERSION = YES;
				CLANG_WARN_OBJC_ROOT_CLASS = YES_ERROR;
				CLANG_WARN_RANGE_LOOP_ANALYSIS = YES;
				CLANG_WARN_STRICT_PROTOTYPES = YES;
				CLANG_WARN_SUSPICIOUS_MOVE = YES;
				CLANG_WARN_UNGUARDED_AVAILABILITY = YES_AGGRESSIVE;
				CLANG_WARN_UNREACHABLE_CODE = YES;
				CLANG_WARN__DUPLICATE_METHOD_MATCH = YES;
				COPY_PHASE_STRIP = NO;
				DEBUG_INFORMATION_FORMAT = dwarf;
				ENABLE_STRICT_OBJC_MSGSEND = YES;
				ENABLE_TESTABILITY = YES;
				GCC_C_LANGUAGE_STANDARD = gnu11;
				GCC_DYNAMIC_NO_PIC = NO;
				GCC_NO_COMMON_BLOCKS = YES;
				GCC_OPTIMIZATION_LEVEL = 0;
				GCC_PREPROCESSOR_DEFINITIONS = (
					"DEBUG=1",
					"$(inherited)",
				);
				GCC_WARN_64_TO_32_BIT_CONVERSION = YES;
				GCC_WARN_ABOUT_RETURN_TYPE = YES_ERROR;
				GCC_WARN_UNDECLARED_SELECTOR = YES;
				GCC_WARN_UNINITIALIZED_AUTOS = YES_AGGRESSIVE;
				GCC_WARN_UNUSED_FUNCTION = YES;
				GCC_WARN_UNUSED_VARIABLE = YES;
				IPHONEOS_DEPLOYMENT_TARGET = 13.2;
				MTL_ENABLE_DEBUG_INFO = INCLUDE_SOURCE;
				MTL_FAST_MATH = YES;
				ONLY_ACTIVE_ARCH = YES;
				SDKROOT = iphoneos;
				SWIFT_ACTIVE_COMPILATION_CONDITIONS = DEBUG;
				SWIFT_OPTIMIZATION_LEVEL = "-Onone";
			};
			name = Debug;
		};
		9C978A9C24198FEA001A8AC5 /* Release */ = {
			isa = XCBuildConfiguration;
			buildSettings = {
				ALWAYS_SEARCH_USER_PATHS = NO;
				CLANG_ANALYZER_NONNULL = YES;
				CLANG_ANALYZER_NUMBER_OBJECT_CONVERSION = YES_AGGRESSIVE;
				CLANG_CXX_LANGUAGE_STANDARD = "gnu++14";
				CLANG_CXX_LIBRARY = "libc++";
				CLANG_ENABLE_MODULES = YES;
				CLANG_ENABLE_OBJC_ARC = YES;
				CLANG_ENABLE_OBJC_WEAK = YES;
				CLANG_WARN_BLOCK_CAPTURE_AUTORELEASING = YES;
				CLANG_WARN_BOOL_CONVERSION = YES;
				CLANG_WARN_COMMA = YES;
				CLANG_WARN_CONSTANT_CONVERSION = YES;
				CLANG_WARN_DEPRECATED_OBJC_IMPLEMENTATIONS = YES;
				CLANG_WARN_DIRECT_OBJC_ISA_USAGE = YES_ERROR;
				CLANG_WARN_DOCUMENTATION_COMMENTS = YES;
				CLANG_WARN_EMPTY_BODY = YES;
				CLANG_WARN_ENUM_CONVERSION = YES;
				CLANG_WARN_INFINITE_RECURSION = YES;
				CLANG_WARN_INT_CONVERSION = YES;
				CLANG_WARN_NON_LITERAL_NULL_CONVERSION = YES;
				CLANG_WARN_OBJC_IMPLICIT_RETAIN_SELF = YES;
				CLANG_WARN_OBJC_LITERAL_CONVERSION = YES;
				CLANG_WARN_OBJC_ROOT_CLASS = YES_ERROR;
				CLANG_WARN_RANGE_LOOP_ANALYSIS = YES;
				CLANG_WARN_STRICT_PROTOTYPES = YES;
				CLANG_WARN_SUSPICIOUS_MOVE = YES;
				CLANG_WARN_UNGUARDED_AVAILABILITY = YES_AGGRESSIVE;
				CLANG_WARN_UNREACHABLE_CODE = YES;
				CLANG_WARN__DUPLICATE_METHOD_MATCH = YES;
				COPY_PHASE_STRIP = NO;
				DEBUG_INFORMATION_FORMAT = "dwarf-with-dsym";
				ENABLE_NS_ASSERTIONS = NO;
				ENABLE_STRICT_OBJC_MSGSEND = YES;
				GCC_C_LANGUAGE_STANDARD = gnu11;
				GCC_NO_COMMON_BLOCKS = YES;
				GCC_WARN_64_TO_32_BIT_CONVERSION = YES;
				GCC_WARN_ABOUT_RETURN_TYPE = YES_ERROR;
				GCC_WARN_UNDECLARED_SELECTOR = YES;
				GCC_WARN_UNINITIALIZED_AUTOS = YES_AGGRESSIVE;
				GCC_WARN_UNUSED_FUNCTION = YES;
				GCC_WARN_UNUSED_VARIABLE = YES;
				IPHONEOS_DEPLOYMENT_TARGET = 13.2;
				MTL_ENABLE_DEBUG_INFO = NO;
				MTL_FAST_MATH = YES;
				SDKROOT = iphoneos;
				SWIFT_COMPILATION_MODE = wholemodule;
				SWIFT_OPTIMIZATION_LEVEL = "-O";
				VALIDATE_PRODUCT = YES;
			};
			name = Release;
		};
		9C978A9E24198FEA001A8AC5 /* Debug */ = {
			isa = XCBuildConfiguration;
			baseConfigurationReference = B92F56AF4C6A00CED7212110 /* Pods-breakpoint.debug.xcconfig */;
			buildSettings = {
				ASSETCATALOG_COMPILER_APPICON_NAME = AppIcon;
				CODE_SIGN_STYLE = Automatic;
				DEVELOPMENT_TEAM = AAZJDT98D8;
				INFOPLIST_FILE = breakpoint/Info.plist;
				IPHONEOS_DEPLOYMENT_TARGET = 13.2;
				LD_RUNPATH_SEARCH_PATHS = (
					"$(inherited)",
					"@executable_path/Frameworks",
				);
				PRODUCT_BUNDLE_IDENTIFIER = com.myapps.breakpoint;
				PRODUCT_NAME = "$(TARGET_NAME)";
				SWIFT_VERSION = 5.0;
				TARGETED_DEVICE_FAMILY = 1;
			};
			name = Debug;
		};
		9C978A9F24198FEA001A8AC5 /* Release */ = {
			isa = XCBuildConfiguration;
			baseConfigurationReference = BC1061ED136288E79BDB7991 /* Pods-breakpoint.release.xcconfig */;
			buildSettings = {
				ASSETCATALOG_COMPILER_APPICON_NAME = AppIcon;
				CODE_SIGN_STYLE = Automatic;
				DEVELOPMENT_TEAM = AAZJDT98D8;
				INFOPLIST_FILE = breakpoint/Info.plist;
				IPHONEOS_DEPLOYMENT_TARGET = 13.2;
				LD_RUNPATH_SEARCH_PATHS = (
					"$(inherited)",
					"@executable_path/Frameworks",
				);
				PRODUCT_BUNDLE_IDENTIFIER = com.myapps.breakpoint;
				PRODUCT_NAME = "$(TARGET_NAME)";
				SWIFT_VERSION = 5.0;
				TARGETED_DEVICE_FAMILY = 1;
			};
			name = Release;
		};
/* End XCBuildConfiguration section */

/* Begin XCConfigurationList section */
		9C978A8224198FE8001A8AC5 /* Build configuration list for PBXProject "breakpoint" */ = {
			isa = XCConfigurationList;
			buildConfigurations = (
				9C978A9B24198FEA001A8AC5 /* Debug */,
				9C978A9C24198FEA001A8AC5 /* Release */,
			);
			defaultConfigurationIsVisible = 0;
			defaultConfigurationName = Release;
		};
		9C978A9D24198FEA001A8AC5 /* Build configuration list for PBXNativeTarget "breakpoint" */ = {
			isa = XCConfigurationList;
			buildConfigurations = (
				9C978A9E24198FEA001A8AC5 /* Debug */,
				9C978A9F24198FEA001A8AC5 /* Release */,
			);
			defaultConfigurationIsVisible = 0;
			defaultConfigurationName = Release;
		};
/* End XCConfigurationList section */
	};
	rootObject = 9C978A7F24198FE8001A8AC5 /* Project object */;
}
